
Microsoft Visual Studio Solution File, Format Version 12.00
# Visual Studio 15
VisualStudioVersion = 15.0.28307.852
MinimumVisualStudioVersion = 10.0.40219.1
Project("{FAE04EC0-301F-11D3-BF4B-00C04F79EFBC}") = "DNA Kriptografi", "DNA Kriptografi\DNA Kriptografi.csproj", "{7E461FB2-AFA5-4451-8624-FECB4BD54483}"
EndProject
Global
	GlobalSection(SolutionConfigurationPlatforms) = preSolution
		Debug|Any CPU = Debug|Any CPU
		Release|Any CPU = Release|Any CPU
	EndGlobalSection
	GlobalSection(ProjectConfigurationPlatforms) = postSolution
		{7E461FB2-AFA5-4451-8624-FECB4BD54483}.Debug|Any CPU.ActiveCfg = Debug|Any CPU
		{7E461FB2-AFA5-4451-8624-FECB4BD54483}.Debug|Any CPU.Build.0 = Debug|Any CPU
		{7E461FB2-AFA5-4451-8624-FECB4BD54483}.Release|Any CPU.ActiveCfg = Release|Any CPU
		{7E461FB2-AFA5-4451-8624-FECB4BD54483}.Release|Any CPU.Build.0 = Release|Any CPU
	EndGlobalSection
	GlobalSection(SolutionProperties) = preSolution
		HideSolutionNode = FALSE
	EndGlobalSection
	GlobalSection(ExtensibilityGlobals) = postSolution
		SolutionGuid = {2D119ACC-880B-4102-A817-C2122E8A6138}
	EndGlobalSection
EndGlobal
